
Microsoft Visual Studio Solution File, Format Version 12.00
# Visual Studio Version 16
VisualStudioVersion = 16.0.31424.327
MinimumVisualStudioVersion = 10.0.40219.1
Project("{FAE04EC0-301F-11D3-BF4B-00C04F79EFBC}") = "RandomYtGenerator", "RandomYtGenerator\RandomYtGenerator.csproj", "{FD750828-25ED-47EC-9B3C-27CB7505B07D}"
EndProject
Global
	GlobalSection(SolutionConfigurationPlatforms) = preSolution
		Debug|Any CPU = Debug|Any CPU
		Release|Any CPU = Release|Any CPU
	EndGlobalSection
	GlobalSection(ProjectConfigurationPlatforms) = postSolution
		{FD750828-25ED-47EC-9B3C-27CB7505B07D}.Debug|Any CPU.ActiveCfg = Debug|Any CPU
		{FD750828-25ED-47EC-9B3C-27CB7505B07D}.Debug|Any CPU.Build.0 = Debug|Any CPU
		{FD750828-25ED-47EC-9B3C-27CB7505B07D}.Release|Any CPU.ActiveCfg = Release|Any CPU
		{FD750828-25ED-47EC-9B3C-27CB7505B07D}.Release|Any CPU.Build.0 = Release|Any CPU
	EndGlobalSection
	GlobalSection(SolutionProperties) = preSolution
		HideSolutionNode = FALSE
	EndGlobalSection
	GlobalSection(ExtensibilityGlobals) = postSolution
		SolutionGuid = {E7484AD2-1ACE-436C-93EB-2C0AE0B5D534}
	EndGlobalSection
EndGlobal
